{
  "name": "assets",
  "lockfileVersion": 3,
  "requires": true,
  "packages": {
    "": {
      "dependencies": {
        "phoenix": "^1.7.21",
        "phoenix_html": "^4.2.1",
        "phoenix_live_view": "^1.0.17",
        "sortablejs": "^1.15.6"
      }
    },
    "node_modules/morphdom": {
      "version": "2.7.5",
      "resolved": "https://registry.npmjs.org/morphdom/-/morphdom-2.7.5.tgz",
      "integrity": "sha512-z6bfWFMra7kBqDjQGHud1LSXtq5JJC060viEkQFMBX6baIecpkNr2Ywrn2OQfWP3rXiNFQRPoFjD8/TvJcWcDg=="
    },
    "node_modules/phoenix": {
      "version": "1.7.21",
      "resolved": "https://registry.npmjs.org/phoenix/-/phoenix-1.7.21.tgz",
      "integrity": "sha512-8wOvJ8pQXRxNbyFlMI+wQhK3bvX4Ps3FtUX2+0cV6lkcebe9VTIl+xS60FLAeaPieFg80djor5z/AKofnwqAUw=="
    },
    "node_modules/phoenix_html": {
      "version": "4.2.1",
      "resolved": "https://registry.npmjs.org/phoenix_html/-/phoenix_html-4.2.1.tgz",
      "integrity": "sha512-jmxnnkPO8mo5Vw/ZAq9c3AUog9d/M8VoSjleNAvhClE5ynVZuv/m31asHRfqWrhzrZwEM4H+pHh3Br719nr2gw=="
    },
    "node_modules/phoenix_live_view": {
      "version": "1.0.17",
      "resolved": "https://registry.npmjs.org/phoenix_live_view/-/phoenix_live_view-1.0.17.tgz",
      "integrity": "sha512-ydjiQeMkNrGv8OGYgT7BjIho/XM3eSHrk4FCs6qiLg9EfPf5M8w1W5Ax/E1tF9E0w6VFQsWm1fKFdWqzAezgjQ==",
      "dependencies": {
        "morphdom": "2.7.5"
      }
    },
    "node_modules/sortablejs": {
      "version": "1.15.6",
      "resolved": "https://registry.npmjs.org/sortablejs/-/sortablejs-1.15.6.tgz",
      "integrity": "sha512-aNfiuwMEpfBM/CN6LY0ibyhxPfPbyFeBTYJKCvzkJ2GkUpazIt3H+QIPAMHwqQ7tMKaHz1Qj+rJJCqljnf4p3A=="
    }
  }
}
